
Microsoft Visual Studio Solution File, Format Version 12.00
# Visual Studio 2013
VisualStudioVersion = 12.0.31101.0
MinimumVisualStudioVersion = 10.0.40219.1
Project("{FAE04EC0-301F-11D3-BF4B-00C04F79EFBC}") = "n9.core", "n9.core\n9.core.csproj", "{AB8DBEFE-6440-419A-9C6D-51488C9E96E1}"
EndProject
Project("{FAE04EC0-301F-11D3-BF4B-00C04F79EFBC}") = "n9.test", "n9.test\n9.test.csproj", "{2ACA40A1-B32A-4B18-BE22-6AB93D5E1770}"
EndProject
Project("{FAE04EC0-301F-11D3-BF4B-00C04F79EFBC}") = "n9.cmd", "n9.cmd\n9.cmd.csproj", "{AA61C226-A38D-4B2C-8C25-0AA935BE5010}"
EndProject
Global
	GlobalSection(SolutionConfigurationPlatforms) = preSolution
		Debug|Any CPU = Debug|Any CPU
		Release|Any CPU = Release|Any CPU
	EndGlobalSection
	GlobalSection(ProjectConfigurationPlatforms) = postSolution
		{AB8DBEFE-6440-419A-9C6D-51488C9E96E1}.Debug|Any CPU.ActiveCfg = Debug|Any CPU
		{AB8DBEFE-6440-419A-9C6D-51488C9E96E1}.Debug|Any CPU.Build.0 = Debug|Any CPU
		{AB8DBEFE-6440-419A-9C6D-51488C9E96E1}.Release|Any CPU.ActiveCfg = Release|Any CPU
		{AB8DBEFE-6440-419A-9C6D-51488C9E96E1}.Release|Any CPU.Build.0 = Release|Any CPU
		{2ACA40A1-B32A-4B18-BE22-6AB93D5E1770}.Debug|Any CPU.ActiveCfg = Debug|Any CPU
		{2ACA40A1-B32A-4B18-BE22-6AB93D5E1770}.Debug|Any CPU.Build.0 = Debug|Any CPU
		{2ACA40A1-B32A-4B18-BE22-6AB93D5E1770}.Release|Any CPU.ActiveCfg = Release|Any CPU
		{2ACA40A1-B32A-4B18-BE22-6AB93D5E1770}.Release|Any CPU.Build.0 = Release|Any CPU
		{AA61C226-A38D-4B2C-8C25-0AA935BE5010}.Debug|Any CPU.ActiveCfg = Debug|Any CPU
		{AA61C226-A38D-4B2C-8C25-0AA935BE5010}.Debug|Any CPU.Build.0 = Debug|Any CPU
		{AA61C226-A38D-4B2C-8C25-0AA935BE5010}.Release|Any CPU.ActiveCfg = Release|Any CPU
		{AA61C226-A38D-4B2C-8C25-0AA935BE5010}.Release|Any CPU.Build.0 = Release|Any CPU
	EndGlobalSection
	GlobalSection(SolutionProperties) = preSolution
		HideSolutionNode = FALSE
	EndGlobalSection
EndGlobal
